
Microsoft Visual Studio Solution File, Format Version 12.00
# Visual Studio Version 16
VisualStudioVersion = 16.0.31129.286
MinimumVisualStudioVersion = 10.0.40219.1
Project("{FAE04EC0-301F-11D3-BF4B-00C04F79EFBC}") = "Triangulos.ConsoleApp", "Triangulos.ConsoleApp\Triangulos.ConsoleApp.csproj", "{044EAFE3-52D2-4B4B-AF3D-502FBE12DB47}"
EndProject
Global
	GlobalSection(SolutionConfigurationPlatforms) = preSolution
		Debug|Any CPU = Debug|Any CPU
		Release|Any CPU = Release|Any CPU
	EndGlobalSection
	GlobalSection(ProjectConfigurationPlatforms) = postSolution
		{044EAFE3-52D2-4B4B-AF3D-502FBE12DB47}.Debug|Any CPU.ActiveCfg = Debug|Any CPU
		{044EAFE3-52D2-4B4B-AF3D-502FBE12DB47}.Debug|Any CPU.Build.0 = Debug|Any CPU
		{044EAFE3-52D2-4B4B-AF3D-502FBE12DB47}.Release|Any CPU.ActiveCfg = Release|Any CPU
		{044EAFE3-52D2-4B4B-AF3D-502FBE12DB47}.Release|Any CPU.Build.0 = Release|Any CPU
	EndGlobalSection
	GlobalSection(SolutionProperties) = preSolution
		HideSolutionNode = FALSE
	EndGlobalSection
	GlobalSection(ExtensibilityGlobals) = postSolution
		SolutionGuid = {5F91338A-BC4E-4962-8F15-CE01EFFCE69A}
	EndGlobalSection
EndGlobal
